
Microsoft Visual Studio Solution File, Format Version 12.00
# Visual Studio Version 17
VisualStudioVersion = 17.1.32414.318
MinimumVisualStudioVersion = 10.0.40219.1
Project("{FAE04EC0-301F-11D3-BF4B-00C04F79EFBC}") = "RestSharpTestProject1", "RestSharpTestProject1.csproj", "{D89AAFEF-98D7-4C19-BAA8-59F2F21D2185}"
EndProject
Global
	GlobalSection(SolutionConfigurationPlatforms) = preSolution
		Debug|Any CPU = Debug|Any CPU
		Release|Any CPU = Release|Any CPU
	EndGlobalSection
	GlobalSection(ProjectConfigurationPlatforms) = postSolution
		{D89AAFEF-98D7-4C19-BAA8-59F2F21D2185}.Debug|Any CPU.ActiveCfg = Debug|Any CPU
		{D89AAFEF-98D7-4C19-BAA8-59F2F21D2185}.Debug|Any CPU.Build.0 = Debug|Any CPU
		{D89AAFEF-98D7-4C19-BAA8-59F2F21D2185}.Release|Any CPU.ActiveCfg = Release|Any CPU
		{D89AAFEF-98D7-4C19-BAA8-59F2F21D2185}.Release|Any CPU.Build.0 = Release|Any CPU
	EndGlobalSection
	GlobalSection(SolutionProperties) = preSolution
		HideSolutionNode = FALSE
	EndGlobalSection
	GlobalSection(ExtensibilityGlobals) = postSolution
		SolutionGuid = {883B56FA-C8F8-411C-9679-50E4ED4A8E30}
	EndGlobalSection
EndGlobal
